<?xml version="1.0" encoding="UTF-8"?>
<Scheme
   version = "1.3">
   <BuildAction>
      <BuildActionEntries>
         <BuildActionEntry
            buildForRunning = "YES"
            buildForTesting = "YES">
            <BuildableReference
               BuildableIdentifier = "primary"
               BlueprintIdentifier = "D036DA041E2E74EE0049137A"
               BuildableName = "SwiftVectorTilesTests.xctest"
               BlueprintName = "SwiftVectorTilesTests"
               ReferencedContainer = "container:SwiftVectorTiles.xcodeproj">
            </BuildableReference>
         </BuildActionEntry>
      </BuildActionEntries>
   </BuildAction>
   <TestAction
      buildConfiguration = "Debug">
      <Testables>
         <TestableReference>
            <BuildableReference
               BuildableIdentifier = "primary"
               BlueprintIdentifier = "D036DA041E2E74EE0049137A"
               BuildableName = "SwiftVectorTilesTests.xctest"
               BlueprintName = "SwiftVectorTilesTests"
               ReferencedContainer = "container:SwiftVectorTiles.xcodeproj">
            </BuildableReference>
         </TestableReference>
      </Testables>
   </TestAction>
   <LaunchAction
      useCustomWorkingDirectory = "NO">
   </LaunchAction>
</Scheme>
